
Microsoft Visual Studio Solution File, Format Version 12.00
# Visual Studio Version 17
VisualStudioVersion = 17.0.32014.148
MinimumVisualStudioVersion = 10.0.40219.1
Project("{FAE04EC0-301F-11D3-BF4B-00C04F79EFBC}") = "WebAPICoreDemo", "WebAPICoreDemo\WebAPICoreDemo.csproj", "{DA5316AF-0905-4464-8B4C-EB60A9C7F988}"
EndProject
Global
	GlobalSection(SolutionConfigurationPlatforms) = preSolution
		Debug|Any CPU = Debug|Any CPU
		Release|Any CPU = Release|Any CPU
	EndGlobalSection
	GlobalSection(ProjectConfigurationPlatforms) = postSolution
		{DA5316AF-0905-4464-8B4C-EB60A9C7F988}.Debug|Any CPU.ActiveCfg = Debug|Any CPU
		{DA5316AF-0905-4464-8B4C-EB60A9C7F988}.Debug|Any CPU.Build.0 = Debug|Any CPU
		{DA5316AF-0905-4464-8B4C-EB60A9C7F988}.Release|Any CPU.ActiveCfg = Release|Any CPU
		{DA5316AF-0905-4464-8B4C-EB60A9C7F988}.Release|Any CPU.Build.0 = Release|Any CPU
	EndGlobalSection
	GlobalSection(SolutionProperties) = preSolution
		HideSolutionNode = FALSE
	EndGlobalSection
	GlobalSection(ExtensibilityGlobals) = postSolution
		SolutionGuid = {AE3FAA46-52FB-40D2-8CCF-EC4ADDA30E1A}
	EndGlobalSection
EndGlobal
